
Microsoft Visual Studio Solution File, Format Version 12.00
# Visual Studio Version 17
VisualStudioVersion = 17.4.33122.133
MinimumVisualStudioVersion = 10.0.40219.1
Project("{FAE04EC0-301F-11D3-BF4B-00C04F79EFBC}") = "Aircraft MI-24", "Aircraft MI-24.csproj", "{9091A638-E611-4A4E-9A49-44CD9537FD88}"
EndProject
Global
	GlobalSection(SolutionConfigurationPlatforms) = preSolution
		Debug|Any CPU = Debug|Any CPU
		Debug|AnyCPU32 = Debug|AnyCPU32
		Debug|x64 = Debug|x64
		Release|Any CPU = Release|Any CPU
		Release|AnyCPU32 = Release|AnyCPU32
		Release|x64 = Release|x64
	EndGlobalSection
	GlobalSection(ProjectConfigurationPlatforms) = postSolution
		{9091A638-E611-4A4E-9A49-44CD9537FD88}.Debug|Any CPU.ActiveCfg = Debug|Any CPU
		{9091A638-E611-4A4E-9A49-44CD9537FD88}.Debug|Any CPU.Build.0 = Debug|Any CPU
		{9091A638-E611-4A4E-9A49-44CD9537FD88}.Debug|AnyCPU32.ActiveCfg = Debug|AnyCPU32
		{9091A638-E611-4A4E-9A49-44CD9537FD88}.Debug|AnyCPU32.Build.0 = Debug|AnyCPU32
		{9091A638-E611-4A4E-9A49-44CD9537FD88}.Debug|x64.ActiveCfg = Debug|x64
		{9091A638-E611-4A4E-9A49-44CD9537FD88}.Debug|x64.Build.0 = Debug|x64
		{9091A638-E611-4A4E-9A49-44CD9537FD88}.Release|Any CPU.ActiveCfg = Release|Any CPU
		{9091A638-E611-4A4E-9A49-44CD9537FD88}.Release|Any CPU.Build.0 = Release|Any CPU
		{9091A638-E611-4A4E-9A49-44CD9537FD88}.Release|AnyCPU32.ActiveCfg = Release|AnyCPU32
		{9091A638-E611-4A4E-9A49-44CD9537FD88}.Release|AnyCPU32.Build.0 = Release|AnyCPU32
		{9091A638-E611-4A4E-9A49-44CD9537FD88}.Release|x64.ActiveCfg = Release|x64
		{9091A638-E611-4A4E-9A49-44CD9537FD88}.Release|x64.Build.0 = Release|x64
	EndGlobalSection
	GlobalSection(SolutionProperties) = preSolution
		HideSolutionNode = FALSE
	EndGlobalSection
	GlobalSection(ExtensibilityGlobals) = postSolution
		SolutionGuid = {4C509E8C-549E-44AC-ABAB-9BA305BC48CA}
	EndGlobalSection
EndGlobal
